# THIS IS AN AUTOGENERATED FILE. DO NOT EDIT THIS FILE DIRECTLY.
# yarn lockfile v1


rfc6902@5.0.0:
  version "5.0.0"
  resolved "https://registry.yarnpkg.com/rfc6902/-/rfc6902-5.0.0.tgz#cb53ac1cb8a700edc1ddc6c19afbb93422f9e385"

vscode-jsonrpc@3.6.2:
  version "3.6.2"
  resolved "https://registry.yarnpkg.com/vscode-jsonrpc/-/vscode-jsonrpc-3.6.2.tgz#3b5eef691159a15556ecc500e9a8a0dd143470c8"
