# THIS IS AN AUTOGENERATED FILE. DO NOT EDIT THIS FILE DIRECTLY.
# yarn lockfile v1


rfc6902@2.3.0:
  version "2.3.0"
  resolved "https://registry.yarnpkg.com/rfc6902/-/rfc6902-2.3.0.tgz#4613c1826342b85b1aa71823a657b8ca0c0e711e"

vscode-jsonrpc@3.6.2:
  version "3.6.2"
  resolved "https://registry.yarnpkg.com/vscode-jsonrpc/-/vscode-jsonrpc-3.6.2.tgz#3b5eef691159a15556ecc500e9a8a0dd143470c8"
